<?xml version="1.0" encoding="UTF-8"?>
<CodeBlocks_project_file>
	<FileVersion major="1" minor="6"/>
	<Project>
		<Option title="mvvm_basic"/>
		<Option makefile_is_custom="1"/>
		<Option compiler="gcc"/>
		<Option virtualFolders="CMake Files\;"/>
		<Build>
			<Target title="all">
				<Option working_dir="/Users/hanyoungpark/Projects/dojo/cpp-dojo/mvvm-basic"/>
				<Option type="4"/>
				<MakeCommands>
					<Build command="/usr/bin/make -f &quot;/Users/hanyoungpark/Projects/dojo/cpp-dojo/mvvm-basic/Makefile&quot;  VERBOSE=1 all"/>
					<CompileFile command="/usr/bin/make -f &quot;/Users/hanyoungpark/Projects/dojo/cpp-dojo/mvvm-basic/Makefile&quot;  VERBOSE=1 &quot;$file&quot;"/>
					<Clean command="/usr/bin/make -f &quot;/Users/hanyoungpark/Projects/dojo/cpp-dojo/mvvm-basic/Makefile&quot;  VERBOSE=1 clean"/>
					<DistClean command="/usr/bin/make -f &quot;/Users/hanyoungpark/Projects/dojo/cpp-dojo/mvvm-basic/Makefile&quot;  VERBOSE=1 clean"/>
				</MakeCommands>
			</Target>
			<Target title="rebuild_cache">
				<Option working_dir="/Users/hanyoungpark/Projects/dojo/cpp-dojo/mvvm-basic"/>
				<Option type="4"/>
				<MakeCommands>
					<Build command="/usr/bin/make -f &quot;/Users/hanyoungpark/Projects/dojo/cpp-dojo/mvvm-basic/Makefile&quot;  VERBOSE=1 rebuild_cache"/>
					<CompileFile command="/usr/bin/make -f &quot;/Users/hanyoungpark/Projects/dojo/cpp-dojo/mvvm-basic/Makefile&quot;  VERBOSE=1 &quot;$file&quot;"/>
					<Clean command="/usr/bin/make -f &quot;/Users/hanyoungpark/Projects/dojo/cpp-dojo/mvvm-basic/Makefile&quot;  VERBOSE=1 clean"/>
					<DistClean command="/usr/bin/make -f &quot;/Users/hanyoungpark/Projects/dojo/cpp-dojo/mvvm-basic/Makefile&quot;  VERBOSE=1 clean"/>
				</MakeCommands>
			</Target>
			<Target title="edit_cache">
				<Option working_dir="/Users/hanyoungpark/Projects/dojo/cpp-dojo/mvvm-basic"/>
				<Option type="4"/>
				<MakeCommands>
					<Build command="/usr/bin/make -f &quot;/Users/hanyoungpark/Projects/dojo/cpp-dojo/mvvm-basic/Makefile&quot;  VERBOSE=1 edit_cache"/>
					<CompileFile command="/usr/bin/make -f &quot;/Users/hanyoungpark/Projects/dojo/cpp-dojo/mvvm-basic/Makefile&quot;  VERBOSE=1 &quot;$file&quot;"/>
					<Clean command="/usr/bin/make -f &quot;/Users/hanyoungpark/Projects/dojo/cpp-dojo/mvvm-basic/Makefile&quot;  VERBOSE=1 clean"/>
					<DistClean command="/usr/bin/make -f &quot;/Users/hanyoungpark/Projects/dojo/cpp-dojo/mvvm-basic/Makefile&quot;  VERBOSE=1 clean"/>
				</MakeCommands>
			</Target>
			<Target title="mvvm_basic">
				<Option output="/Users/hanyoungpark/Projects/dojo/cpp-dojo/mvvm-basic/bin/mvvm_basic" prefix_auto="0" extension_auto="0"/>
				<Option working_dir="/Users/hanyoungpark/Projects/dojo/cpp-dojo/mvvm-basic/bin"/>
				<Option object_output="./"/>
				<Option type="1"/>
				<Option compiler="gcc"/>
				<Compiler>
					<Add directory="/Users/hanyoungpark/.conan/data/boost/1.75.0/_/_/package/e9bf01bb28dcc32408a28d5e193dcea72c958ff1/include"/>
					<Add directory="/Users/hanyoungpark/.conan/data/zlib/1.2.11/_/_/package/baf78352c82543f997ec32332829b6fa30714eaa/include"/>
					<Add directory="/Users/hanyoungpark/.conan/data/bzip2/1.0.8/_/_/package/1eebc1ca972faabad362af04f3107014f151fa5d/include"/>
					<Add directory="/Users/hanyoungpark/.conan/data/libiconv/1.16/_/_/package/baf78352c82543f997ec32332829b6fa30714eaa/include"/>
				</Compiler>
				<MakeCommands>
					<Build command="/usr/bin/make -f &quot;/Users/hanyoungpark/Projects/dojo/cpp-dojo/mvvm-basic/Makefile&quot;  VERBOSE=1 mvvm_basic"/>
					<CompileFile command="/usr/bin/make -f &quot;/Users/hanyoungpark/Projects/dojo/cpp-dojo/mvvm-basic/Makefile&quot;  VERBOSE=1 &quot;$file&quot;"/>
					<Clean command="/usr/bin/make -f &quot;/Users/hanyoungpark/Projects/dojo/cpp-dojo/mvvm-basic/Makefile&quot;  VERBOSE=1 clean"/>
					<DistClean command="/usr/bin/make -f &quot;/Users/hanyoungpark/Projects/dojo/cpp-dojo/mvvm-basic/Makefile&quot;  VERBOSE=1 clean"/>
				</MakeCommands>
			</Target>
			<Target title="mvvm_basic/fast">
				<Option output="/Users/hanyoungpark/Projects/dojo/cpp-dojo/mvvm-basic/bin/mvvm_basic" prefix_auto="0" extension_auto="0"/>
				<Option working_dir="/Users/hanyoungpark/Projects/dojo/cpp-dojo/mvvm-basic/bin"/>
				<Option object_output="./"/>
				<Option type="1"/>
				<Option compiler="gcc"/>
				<Compiler>
					<Add directory="/Users/hanyoungpark/.conan/data/boost/1.75.0/_/_/package/e9bf01bb28dcc32408a28d5e193dcea72c958ff1/include"/>
					<Add directory="/Users/hanyoungpark/.conan/data/zlib/1.2.11/_/_/package/baf78352c82543f997ec32332829b6fa30714eaa/include"/>
					<Add directory="/Users/hanyoungpark/.conan/data/bzip2/1.0.8/_/_/package/1eebc1ca972faabad362af04f3107014f151fa5d/include"/>
					<Add directory="/Users/hanyoungpark/.conan/data/libiconv/1.16/_/_/package/baf78352c82543f997ec32332829b6fa30714eaa/include"/>
				</Compiler>
				<MakeCommands>
					<Build command="/usr/bin/make -f &quot;/Users/hanyoungpark/Projects/dojo/cpp-dojo/mvvm-basic/Makefile&quot;  VERBOSE=1 mvvm_basic/fast"/>
					<CompileFile command="/usr/bin/make -f &quot;/Users/hanyoungpark/Projects/dojo/cpp-dojo/mvvm-basic/Makefile&quot;  VERBOSE=1 &quot;$file&quot;"/>
					<Clean command="/usr/bin/make -f &quot;/Users/hanyoungpark/Projects/dojo/cpp-dojo/mvvm-basic/Makefile&quot;  VERBOSE=1 clean"/>
					<DistClean command="/usr/bin/make -f &quot;/Users/hanyoungpark/Projects/dojo/cpp-dojo/mvvm-basic/Makefile&quot;  VERBOSE=1 clean"/>
				</MakeCommands>
			</Target>
		</Build>
		<Unit filename="/Users/hanyoungpark/Projects/dojo/cpp-dojo/mvvm-basic/APIService.cpp">
			<Option target="mvvm_basic"/>
		</Unit>
		<Unit filename="/Users/hanyoungpark/Projects/dojo/cpp-dojo/mvvm-basic/APIService.h">
			<Option target="mvvm_basic"/>
		</Unit>
		<Unit filename="/Users/hanyoungpark/Projects/dojo/cpp-dojo/mvvm-basic/main.cpp">
			<Option target="mvvm_basic"/>
		</Unit>
		<Unit filename="/Users/hanyoungpark/Projects/dojo/cpp-dojo/mvvm-basic/src/APIService.cpp">
			<Option target="mvvm_basic"/>
		</Unit>
		<Unit filename="/Users/hanyoungpark/Projects/dojo/cpp-dojo/mvvm-basic/src/APIService.h">
			<Option target="mvvm_basic"/>
		</Unit>
		<Unit filename="/Users/hanyoungpark/Projects/dojo/cpp-dojo/mvvm-basic/src/http/HttpClient.cpp">
			<Option target="mvvm_basic"/>
		</Unit>
		<Unit filename="/Users/hanyoungpark/Projects/dojo/cpp-dojo/mvvm-basic/src/http/HttpClient.h">
			<Option target="mvvm_basic"/>
		</Unit>
		<Unit filename="/Users/hanyoungpark/Projects/dojo/cpp-dojo/mvvm-basic/src/http/Request.cpp">
			<Option target="mvvm_basic"/>
		</Unit>
		<Unit filename="/Users/hanyoungpark/Projects/dojo/cpp-dojo/mvvm-basic/src/http/Request.h">
			<Option target="mvvm_basic"/>
		</Unit>
		<Unit filename="/Users/hanyoungpark/Projects/dojo/cpp-dojo/mvvm-basic/src/http/Response.cpp">
			<Option target="mvvm_basic"/>
		</Unit>
		<Unit filename="/Users/hanyoungpark/Projects/dojo/cpp-dojo/mvvm-basic/src/http/Response.h">
			<Option target="mvvm_basic"/>
		</Unit>
		<Unit filename="/Users/hanyoungpark/Projects/dojo/cpp-dojo/mvvm-basic/CMakeLists.txt">
			<Option virtualFolder="CMake Files\"/>
		</Unit>
		<Unit filename="/Users/hanyoungpark/Projects/dojo/cpp-dojo/mvvm-basic/conanbuildinfo.cmake">
			<Option virtualFolder="CMake Files\"/>
		</Unit>
	</Project>
</CodeBlocks_project_file>
